
Microsoft Visual Studio Solution File, Format Version 12.00
# Visual Studio Version 16
VisualStudioVersion = 16.0.30011.22
MinimumVisualStudioVersion = 10.0.40219.1
Project("{FAE04EC0-301F-11D3-BF4B-00C04F79EFBC}") = "Leave-Management-Project", "Leave-Management-Project.csproj", "{E77DAD7B-2746-49E6-BFF7-0792B7BA7AEF}"
EndProject
Global
	GlobalSection(SolutionConfigurationPlatforms) = preSolution
		Debug|Any CPU = Debug|Any CPU
		Release|Any CPU = Release|Any CPU
	EndGlobalSection
	GlobalSection(ProjectConfigurationPlatforms) = postSolution
		{E77DAD7B-2746-49E6-BFF7-0792B7BA7AEF}.Debug|Any CPU.ActiveCfg = Debug|Any CPU
		{E77DAD7B-2746-49E6-BFF7-0792B7BA7AEF}.Debug|Any CPU.Build.0 = Debug|Any CPU
		{E77DAD7B-2746-49E6-BFF7-0792B7BA7AEF}.Release|Any CPU.ActiveCfg = Release|Any CPU
		{E77DAD7B-2746-49E6-BFF7-0792B7BA7AEF}.Release|Any CPU.Build.0 = Release|Any CPU
	EndGlobalSection
	GlobalSection(SolutionProperties) = preSolution
		HideSolutionNode = FALSE
	EndGlobalSection
	GlobalSection(ExtensibilityGlobals) = postSolution
		SolutionGuid = {284DB723-AD76-4C56-ABA9-31CA9863266E}
	EndGlobalSection
EndGlobal
